// !$*UTF8*$!
{
	archiveVersion = 1;
	classes = {
	};
	objectVersion = 50;
	objects = {

/* Begin PBXBuildFile section */
		AF654D6627A333E90027E79A /* AppDelegate.swift in Sources */ = {isa = PBXBuildFile; fileRef = AF654D6527A333E90027E79A /* AppDelegate.swift */; };
		AF654D6827A333E90027E79A /* SceneDelegate.swift in Sources */ = {isa = PBXBuildFile; fileRef = AF654D6727A333E90027E79A /* SceneDelegate.swift */; };
		AF654D6F27A333EC0027E79A /* Assets.xcassets in Resources */ = {isa = PBXBuildFile; fileRef = AF654D6E27A333EC0027E79A /* Assets.xcassets */; };
		AF654D7227A333EC0027E79A /* LaunchScreen.storyboard in Resources */ = {isa = PBXBuildFile; fileRef = AF654D7027A333EC0027E79A /* LaunchScreen.storyboard */; };
		AF654D7D27A333EC0027E79A /* ChallengeOracleTests.swift in Sources */ = {isa = PBXBuildFile; fileRef = AF654D7C27A333EC0027E79A /* ChallengeOracleTests.swift */; };
		AF654D8827A333EC0027E79A /* ChallengeOracleUITests.swift in Sources */ = {isa = PBXBuildFile; fileRef = AF654D8727A333EC0027E79A /* ChallengeOracleUITests.swift */; };
		AF654D9A27A335D80027E79A /* UserEndpoints.swift in Sources */ = {isa = PBXBuildFile; fileRef = AF654D9927A335D80027E79A /* UserEndpoints.swift */; };
		AF654D9C27A335EB0027E79A /* URLSessionLoader.swift in Sources */ = {isa = PBXBuildFile; fileRef = AF654D9B27A335EB0027E79A /* URLSessionLoader.swift */; };
		AF654D9F27A336010027E79A /* NetworkClient.swift in Sources */ = {isa = PBXBuildFile; fileRef = AF654D9E27A336010027E79A /* NetworkClient.swift */; };
		AF654DA127A336240027E79A /* HTTPTask.swift in Sources */ = {isa = PBXBuildFile; fileRef = AF654DA027A336240027E79A /* HTTPTask.swift */; };
		AF654DA327A336320027E79A /* HTTPLoader.swift in Sources */ = {isa = PBXBuildFile; fileRef = AF654DA227A336320027E79A /* HTTPLoader.swift */; };
		AF654DA527A3363D0027E79A /* HTTP.swift in Sources */ = {isa = PBXBuildFile; fileRef = AF654DA427A3363D0027E79A /* HTTP.swift */; };
		AF654DA727A338930027E79A /* Encodable+.swift in Sources */ = {isa = PBXBuildFile; fileRef = AF654DA627A338930027E79A /* Encodable+.swift */; };
		AF654DA927A338D40027E79A /* ImageCacheHelper.swift in Sources */ = {isa = PBXBuildFile; fileRef = AF654DA827A338D40027E79A /* ImageCacheHelper.swift */; };
		AF654DB227A33AB50027E79A /* HomeStoryboard.storyboard in Resources */ = {isa = PBXBuildFile; fileRef = AF654DB127A33AB50027E79A /* HomeStoryboard.storyboard */; };
		AF654DB427A33AC50027E79A /* HomeViewController.swift in Sources */ = {isa = PBXBuildFile; fileRef = AF654DB327A33AC50027E79A /* HomeViewController.swift */; };
		AF654DB627A33B110027E79A /* HomeInteractor.swift in Sources */ = {isa = PBXBuildFile; fileRef = AF654DB527A33B110027E79A /* HomeInteractor.swift */; };
		AF654DB827A33B200027E79A /* HomePresenter.swift in Sources */ = {isa = PBXBuildFile; fileRef = AF654DB727A33B200027E79A /* HomePresenter.swift */; };
		AF654DBA27A33B2C0027E79A /* HomeRouter.swift in Sources */ = {isa = PBXBuildFile; fileRef = AF654DB927A33B2C0027E79A /* HomeRouter.swift */; };
		AF654DBC27A33E640027E79A /* QuestionsResponse.swift in Sources */ = {isa = PBXBuildFile; fileRef = AF654DBB27A33E640027E79A /* QuestionsResponse.swift */; };
		AF654DBE27A33E6D0027E79A /* Question.swift in Sources */ = {isa = PBXBuildFile; fileRef = AF654DBD27A33E6D0027E79A /* Question.swift */; };
		AF654DC127A34D790027E79A /* QuestionTableViewCell.swift in Sources */ = {isa = PBXBuildFile; fileRef = AF654DBF27A34D790027E79A /* QuestionTableViewCell.swift */; };
		AF654DC227A34D7A0027E79A /* QuestionTableViewCell.xib in Resources */ = {isa = PBXBuildFile; fileRef = AF654DC027A34D790027E79A /* QuestionTableViewCell.xib */; };
		AF654DC427A34D9B0027E79A /* UITableViewCell+.swift in Sources */ = {isa = PBXBuildFile; fileRef = AF654DC327A34D9B0027E79A /* UITableViewCell+.swift */; };
		AF654DCB27A358F60027E79A /* DetailStoryboard.storyboard in Resources */ = {isa = PBXBuildFile; fileRef = AF654DCA27A358F60027E79A /* DetailStoryboard.storyboard */; };
		AF654DCD27A3590A0027E79A /* DetailViewController.swift in Sources */ = {isa = PBXBuildFile; fileRef = AF654DCC27A3590A0027E79A /* DetailViewController.swift */; };
		AF654DCF27A359180027E79A /* DetailInteractor.swift in Sources */ = {isa = PBXBuildFile; fileRef = AF654DCE27A359180027E79A /* DetailInteractor.swift */; };
		AF654DD127A359230027E79A /* DetailPresenter.swift in Sources */ = {isa = PBXBuildFile; fileRef = AF654DD027A359230027E79A /* DetailPresenter.swift */; };
		AF654DD327A3592E0027E79A /* DetailRouter.swift in Sources */ = {isa = PBXBuildFile; fileRef = AF654DD227A3592E0027E79A /* DetailRouter.swift */; };
		AF654DD627A3614A0027E79A /* UserTableViewCell.swift in Sources */ = {isa = PBXBuildFile; fileRef = AF654DD427A3614A0027E79A /* UserTableViewCell.swift */; };
		AF654DD727A3614A0027E79A /* UserTableViewCell.xib in Resources */ = {isa = PBXBuildFile; fileRef = AF654DD527A3614A0027E79A /* UserTableViewCell.xib */; };
		AF654DD927A363AF0027E79A /* UIImageView+.swift in Sources */ = {isa = PBXBuildFile; fileRef = AF654DD827A363AF0027E79A /* UIImageView+.swift */; };
		AF654DDB27A365C70027E79A /* DetailEntities.swift in Sources */ = {isa = PBXBuildFile; fileRef = AF654DDA27A365C70027E79A /* DetailEntities.swift */; };
		AF654DDE27A36D510027E79A /* LoaderTableViewCell.swift in Sources */ = {isa = PBXBuildFile; fileRef = AF654DDC27A36D510027E79A /* LoaderTableViewCell.swift */; };
		AF654DDF27A36D510027E79A /* LoaderTableViewCell.xib in Resources */ = {isa = PBXBuildFile; fileRef = AF654DDD27A36D510027E79A /* LoaderTableViewCell.xib */; };
		AF654DE127A36DFF0027E79A /* QuestionsCellEntities.swift in Sources */ = {isa = PBXBuildFile; fileRef = AF654DE027A36DFF0027E79A /* QuestionsCellEntities.swift */; };
		AF654DE727A39CA70027E79A /* JSONDataLoader.swift in Sources */ = {isa = PBXBuildFile; fileRef = AF654DE627A39CA70027E79A /* JSONDataLoader.swift */; };
		AF654DEC27A39D0C0027E79A /* NetworkClientMock.swift in Sources */ = {isa = PBXBuildFile; fileRef = AF654DEB27A39D0C0027E79A /* NetworkClientMock.swift */; };
		AF654DEE27A39D7F0027E79A /* EndPointsTests.swift in Sources */ = {isa = PBXBuildFile; fileRef = AF654DED27A39D7F0027E79A /* EndPointsTests.swift */; };
		AF654DF227A39E850027E79A /* HomeViewMock.swift in Sources */ = {isa = PBXBuildFile; fileRef = AF654DF127A39E850027E79A /* HomeViewMock.swift */; };
		AF654DF427A39E940027E79A /* HomePresenterMock.swift in Sources */ = {isa = PBXBuildFile; fileRef = AF654DF327A39E940027E79A /* HomePresenterMock.swift */; };
		AF654DF627A39EA10027E79A /* HomeInteractorMock.swift in Sources */ = {isa = PBXBuildFile; fileRef = AF654DF527A39EA10027E79A /* HomeInteractorMock.swift */; };
		AF654DF827A39EB10027E79A /* HomeRouterMock.swift in Sources */ = {isa = PBXBuildFile; fileRef = AF654DF727A39EB10027E79A /* HomeRouterMock.swift */; };
		AF654DFA27A3A0C20027E79A /* HomeInteractorTests.swift in Sources */ = {isa = PBXBuildFile; fileRef = AF654DF927A3A0C20027E79A /* HomeInteractorTests.swift */; };
		AF654DFC27A3A2390027E79A /* SearchQuestionsResponse.json in Resources */ = {isa = PBXBuildFile; fileRef = AF654DFB27A3A2390027E79A /* SearchQuestionsResponse.json */; };
		AF654DFE27A3A5900027E79A /* EmptyJSON.json in Resources */ = {isa = PBXBuildFile; fileRef = AF654DFD27A3A5900027E79A /* EmptyJSON.json */; };
		AF654E0027A3A5DD0027E79A /* HomePresenterTests.swift in Sources */ = {isa = PBXBuildFile; fileRef = AF654DFF27A3A5DD0027E79A /* HomePresenterTests.swift */; };
		AF654E0227A3B3000027E79A /* Date+.swift in Sources */ = {isa = PBXBuildFile; fileRef = AF654E0127A3B3000027E79A /* Date+.swift */; };
/* End PBXBuildFile section */

/* Begin PBXContainerItemProxy section */
		AF654D7927A333EC0027E79A /* PBXContainerItemProxy */ = {
			isa = PBXContainerItemProxy;
			containerPortal = AF654D5A27A333E90027E79A /* Project object */;
			proxyType = 1;
			remoteGlobalIDString = AF654D6127A333E90027E79A;
			remoteInfo = ChallengeOracle;
		};
		AF654D8427A333EC0027E79A /* PBXContainerItemProxy */ = {
			isa = PBXContainerItemProxy;
			containerPortal = AF654D5A27A333E90027E79A /* Project object */;
			proxyType = 1;
			remoteGlobalIDString = AF654D6127A333E90027E79A;
			remoteInfo = ChallengeOracle;
		};
/* End PBXContainerItemProxy section */

/* Begin PBXFileReference section */
		AF654D6227A333E90027E79A /* ChallengeOracle.app */ = {isa = PBXFileReference; explicitFileType = wrapper.application; includeInIndex = 0; path = ChallengeOracle.app; sourceTree = BUILT_PRODUCTS_DIR; };
		AF654D6527A333E90027E79A /* AppDelegate.swift */ = {isa = PBXFileReference; lastKnownFileType = sourcecode.swift; path = AppDelegate.swift; sourceTree = "<group>"; };
		AF654D6727A333E90027E79A /* SceneDelegate.swift */ = {isa = PBXFileReference; lastKnownFileType = sourcecode.swift; path = SceneDelegate.swift; sourceTree = "<group>"; };
		AF654D6E27A333EC0027E79A /* Assets.xcassets */ = {isa = PBXFileReference; lastKnownFileType = folder.assetcatalog; path = Assets.xcassets; sourceTree = "<group>"; };
		AF654D7127A333EC0027E79A /* Base */ = {isa = PBXFileReference; lastKnownFileType = file.storyboard; name = Base; path = Base.lproj/LaunchScreen.storyboard; sourceTree = "<group>"; };
		AF654D7327A333EC0027E79A /* Info.plist */ = {isa = PBXFileReference; lastKnownFileType = text.plist.xml; path = Info.plist; sourceTree = "<group>"; };
		AF654D7827A333EC0027E79A /* ChallengeOracleTests.xctest */ = {isa = PBXFileReference; explicitFileType = wrapper.cfbundle; includeInIndex = 0; path = ChallengeOracleTests.xctest; sourceTree = BUILT_PRODUCTS_DIR; };
		AF654D7C27A333EC0027E79A /* ChallengeOracleTests.swift */ = {isa = PBXFileReference; lastKnownFileType = sourcecode.swift; path = ChallengeOracleTests.swift; sourceTree = "<group>"; };
		AF654D7E27A333EC0027E79A /* Info.plist */ = {isa = PBXFileReference; lastKnownFileType = text.plist.xml; path = Info.plist; sourceTree = "<group>"; };
		AF654D8327A333EC0027E79A /* ChallengeOracleUITests.xctest */ = {isa = PBXFileReference; explicitFileType = wrapper.cfbundle; includeInIndex = 0; path = ChallengeOracleUITests.xctest; sourceTree = BUILT_PRODUCTS_DIR; };
		AF654D8727A333EC0027E79A /* ChallengeOracleUITests.swift */ = {isa = PBXFileReference; lastKnownFileType = sourcecode.swift; path = ChallengeOracleUITests.swift; sourceTree = "<group>"; };
		AF654D8927A333EC0027E79A /* Info.plist */ = {isa = PBXFileReference; lastKnownFileType = text.plist.xml; path = Info.plist; sourceTree = "<group>"; };
		AF654D9927A335D80027E79A /* UserEndpoints.swift */ = {isa = PBXFileReference; lastKnownFileType = sourcecode.swift; path = UserEndpoints.swift; sourceTree = "<group>"; };
		AF654D9B27A335EB0027E79A /* URLSessionLoader.swift */ = {isa = PBXFileReference; lastKnownFileType = sourcecode.swift; path = URLSessionLoader.swift; sourceTree = "<group>"; };
		AF654D9E27A336010027E79A /* NetworkClient.swift */ = {isa = PBXFileReference; lastKnownFileType = sourcecode.swift; path = NetworkClient.swift; sourceTree = "<group>"; };
		AF654DA027A336240027E79A /* HTTPTask.swift */ = {isa = PBXFileReference; lastKnownFileType = sourcecode.swift; path = HTTPTask.swift; sourceTree = "<group>"; };
		AF654DA227A336320027E79A /* HTTPLoader.swift */ = {isa = PBXFileReference; lastKnownFileType = sourcecode.swift; path = HTTPLoader.swift; sourceTree = "<group>"; };
		AF654DA427A3363D0027E79A /* HTTP.swift */ = {isa = PBXFileReference; lastKnownFileType = sourcecode.swift; path = HTTP.swift; sourceTree = "<group>"; };
		AF654DA627A338930027E79A /* Encodable+.swift */ = {isa = PBXFileReference; lastKnownFileType = sourcecode.swift; path = "Encodable+.swift"; sourceTree = "<group>"; };
		AF654DA827A338D40027E79A /* ImageCacheHelper.swift */ = {isa = PBXFileReference; lastKnownFileType = sourcecode.swift; path = ImageCacheHelper.swift; sourceTree = "<group>"; };
		AF654DB127A33AB50027E79A /* HomeStoryboard.storyboard */ = {isa = PBXFileReference; lastKnownFileType = file.storyboard; path = HomeStoryboard.storyboard; sourceTree = "<group>"; };
		AF654DB327A33AC50027E79A /* HomeViewController.swift */ = {isa = PBXFileReference; lastKnownFileType = sourcecode.swift; path = HomeViewController.swift; sourceTree = "<group>"; };
		AF654DB527A33B110027E79A /* HomeInteractor.swift */ = {isa = PBXFileReference; lastKnownFileType = sourcecode.swift; path = HomeInteractor.swift; sourceTree = "<group>"; };
		AF654DB727A33B200027E79A /* HomePresenter.swift */ = {isa = PBXFileReference; lastKnownFileType = sourcecode.swift; path = HomePresenter.swift; sourceTree = "<group>"; };
		AF654DB927A33B2C0027E79A /* HomeRouter.swift */ = {isa = PBXFileReference; lastKnownFileType = sourcecode.swift; path = HomeRouter.swift; sourceTree = "<group>"; };
		AF654DBB27A33E640027E79A /* QuestionsResponse.swift */ = {isa = PBXFileReference; lastKnownFileType = sourcecode.swift; path = QuestionsResponse.swift; sourceTree = "<group>"; };
		AF654DBD27A33E6D0027E79A /* Question.swift */ = {isa = PBXFileReference; lastKnownFileType = sourcecode.swift; path = Question.swift; sourceTree = "<group>"; };
		AF654DBF27A34D790027E79A /* QuestionTableViewCell.swift */ = {isa = PBXFileReference; lastKnownFileType = sourcecode.swift; path = QuestionTableViewCell.swift; sourceTree = "<group>"; };
		AF654DC027A34D790027E79A /* QuestionTableViewCell.xib */ = {isa = PBXFileReference; lastKnownFileType = file.xib; path = QuestionTableViewCell.xib; sourceTree = "<group>"; };
		AF654DC327A34D9B0027E79A /* UITableViewCell+.swift */ = {isa = PBXFileReference; lastKnownFileType = sourcecode.swift; path = "UITableViewCell+.swift"; sourceTree = "<group>"; };
		AF654DCA27A358F60027E79A /* DetailStoryboard.storyboard */ = {isa = PBXFileReference; lastKnownFileType = file.storyboard; path = DetailStoryboard.storyboard; sourceTree = "<group>"; };
		AF654DCC27A3590A0027E79A /* DetailViewController.swift */ = {isa = PBXFileReference; lastKnownFileType = sourcecode.swift; path = DetailViewController.swift; sourceTree = "<group>"; };
		AF654DCE27A359180027E79A /* DetailInteractor.swift */ = {isa = PBXFileReference; lastKnownFileType = sourcecode.swift; path = DetailInteractor.swift; sourceTree = "<group>"; };
		AF654DD027A359230027E79A /* DetailPresenter.swift */ = {isa = PBXFileReference; lastKnownFileType = sourcecode.swift; path = DetailPresenter.swift; sourceTree = "<group>"; };
		AF654DD227A3592E0027E79A /* DetailRouter.swift */ = {isa = PBXFileReference; lastKnownFileType = sourcecode.swift; path = DetailRouter.swift; sourceTree = "<group>"; };
		AF654DD427A3614A0027E79A /* UserTableViewCell.swift */ = {isa = PBXFileReference; lastKnownFileType = sourcecode.swift; path = UserTableViewCell.swift; sourceTree = "<group>"; };
		AF654DD527A3614A0027E79A /* UserTableViewCell.xib */ = {isa = PBXFileReference; lastKnownFileType = file.xib; path = UserTableViewCell.xib; sourceTree = "<group>"; };
		AF654DD827A363AF0027E79A /* UIImageView+.swift */ = {isa = PBXFileReference; lastKnownFileType = sourcecode.swift; path = "UIImageView+.swift"; sourceTree = "<group>"; };
		AF654DDA27A365C70027E79A /* DetailEntities.swift */ = {isa = PBXFileReference; lastKnownFileType = sourcecode.swift; path = DetailEntities.swift; sourceTree = "<group>"; };
		AF654DDC27A36D510027E79A /* LoaderTableViewCell.swift */ = {isa = PBXFileReference; lastKnownFileType = sourcecode.swift; path = LoaderTableViewCell.swift; sourceTree = "<group>"; };
		AF654DDD27A36D510027E79A /* LoaderTableViewCell.xib */ = {isa = PBXFileReference; lastKnownFileType = file.xib; path = LoaderTableViewCell.xib; sourceTree = "<group>"; };
		AF654DE027A36DFF0027E79A /* QuestionsCellEntities.swift */ = {isa = PBXFileReference; lastKnownFileType = sourcecode.swift; path = QuestionsCellEntities.swift; sourceTree = "<group>"; };
		AF654DE627A39CA70027E79A /* JSONDataLoader.swift */ = {isa = PBXFileReference; lastKnownFileType = sourcecode.swift; path = JSONDataLoader.swift; sourceTree = "<group>"; };
		AF654DEB27A39D0C0027E79A /* NetworkClientMock.swift */ = {isa = PBXFileReference; lastKnownFileType = sourcecode.swift; path = NetworkClientMock.swift; sourceTree = "<group>"; };
		AF654DED27A39D7F0027E79A /* EndPointsTests.swift */ = {isa = PBXFileReference; lastKnownFileType = sourcecode.swift; path = EndPointsTests.swift; sourceTree = "<group>"; };
		AF654DF127A39E850027E79A /* HomeViewMock.swift */ = {isa = PBXFileReference; lastKnownFileType = sourcecode.swift; path = HomeViewMock.swift; sourceTree = "<group>"; };
		AF654DF327A39E940027E79A /* HomePresenterMock.swift */ = {isa = PBXFileReference; lastKnownFileType = sourcecode.swift; path = HomePresenterMock.swift; sourceTree = "<group>"; };
		AF654DF527A39EA10027E79A /* HomeInteractorMock.swift */ = {isa = PBXFileReference; lastKnownFileType = sourcecode.swift; path = HomeInteractorMock.swift; sourceTree = "<group>"; };
		AF654DF727A39EB10027E79A /* HomeRouterMock.swift */ = {isa = PBXFileReference; lastKnownFileType = sourcecode.swift; path = HomeRouterMock.swift; sourceTree = "<group>"; };
		AF654DF927A3A0C20027E79A /* HomeInteractorTests.swift */ = {isa = PBXFileReference; lastKnownFileType = sourcecode.swift; path = HomeInteractorTests.swift; sourceTree = "<group>"; };
		AF654DFB27A3A2390027E79A /* SearchQuestionsResponse.json */ = {isa = PBXFileReference; lastKnownFileType = text.json; path = SearchQuestionsResponse.json; sourceTree = "<group>"; };
		AF654DFD27A3A5900027E79A /* EmptyJSON.json */ = {isa = PBXFileReference; lastKnownFileType = text.json; path = EmptyJSON.json; sourceTree = "<group>"; };
		AF654DFF27A3A5DD0027E79A /* HomePresenterTests.swift */ = {isa = PBXFileReference; lastKnownFileType = sourcecode.swift; path = HomePresenterTests.swift; sourceTree = "<group>"; };
		AF654E0127A3B3000027E79A /* Date+.swift */ = {isa = PBXFileReference; lastKnownFileType = sourcecode.swift; path = "Date+.swift"; sourceTree = "<group>"; };
/* End PBXFileReference section */

/* Begin PBXFrameworksBuildPhase section */
		AF654D5F27A333E90027E79A /* Frameworks */ = {
			isa = PBXFrameworksBuildPhase;
			buildActionMask = 2147483647;
			files = (
			);
			runOnlyForDeploymentPostprocessing = 0;
		};
		AF654D7527A333EC0027E79A /* Frameworks */ = {
			isa = PBXFrameworksBuildPhase;
			buildActionMask = 2147483647;
			files = (
			);
			runOnlyForDeploymentPostprocessing = 0;
		};
		AF654D8027A333EC0027E79A /* Frameworks */ = {
			isa = PBXFrameworksBuildPhase;
			buildActionMask = 2147483647;
			files = (
			);
			runOnlyForDeploymentPostprocessing = 0;
		};
/* End PBXFrameworksBuildPhase section */

/* Begin PBXGroup section */
		AF654D5927A333E90027E79A = {
			isa = PBXGroup;
			children = (
				AF654D6427A333E90027E79A /* ChallengeOracle */,
				AF654D7B27A333EC0027E79A /* ChallengeOracleTests */,
				AF654D8627A333EC0027E79A /* ChallengeOracleUITests */,
				AF654D6327A333E90027E79A /* Products */,
			);
			sourceTree = "<group>";
		};
		AF654D6327A333E90027E79A /* Products */ = {
			isa = PBXGroup;
			children = (
				AF654D6227A333E90027E79A /* ChallengeOracle.app */,
				AF654D7827A333EC0027E79A /* ChallengeOracleTests.xctest */,
				AF654D8327A333EC0027E79A /* ChallengeOracleUITests.xctest */,
			);
			name = Products;
			sourceTree = "<group>";
		};
		AF654D6427A333E90027E79A /* ChallengeOracle */ = {
			isa = PBXGroup;
			children = (
				AF654D9827A3352E0027E79A /* Network */,
				AF654D9727A335260027E79A /* Extensions */,
				AF654D9627A335200027E79A /* Helpers */,
				AF654D9527A335170027E79A /* Modules */,
				AF654D6527A333E90027E79A /* AppDelegate.swift */,
				AF654D6727A333E90027E79A /* SceneDelegate.swift */,
				AF654D6E27A333EC0027E79A /* Assets.xcassets */,
				AF654D7027A333EC0027E79A /* LaunchScreen.storyboard */,
				AF654D7327A333EC0027E79A /* Info.plist */,
			);
			path = ChallengeOracle;
			sourceTree = "<group>";
		};
		AF654D7B27A333EC0027E79A /* ChallengeOracleTests */ = {
			isa = PBXGroup;
			children = (
				AF654DE327A39C750027E79A /* Network */,
				AF654DE227A39C6B0027E79A /* Modules */,
				AF654D7C27A333EC0027E79A /* ChallengeOracleTests.swift */,
				AF654D7E27A333EC0027E79A /* Info.plist */,
			);
			path = ChallengeOracleTests;
			sourceTree = "<group>";
		};
		AF654D8627A333EC0027E79A /* ChallengeOracleUITests */ = {
			isa = PBXGroup;
			children = (
				AF654D8727A333EC0027E79A /* ChallengeOracleUITests.swift */,
				AF654D8927A333EC0027E79A /* Info.plist */,
			);
			path = ChallengeOracleUITests;
			sourceTree = "<group>";
		};
		AF654D9527A335170027E79A /* Modules */ = {
			isa = PBXGroup;
			children = (
				AF654DAB27A33A5C0027E79A /* Home */,
				AF654DAA27A33A3F0027E79A /* Detail */,
			);
			path = Modules;
			sourceTree = "<group>";
		};
		AF654D9627A335200027E79A /* Helpers */ = {
			isa = PBXGroup;
			children = (
				AF654DA827A338D40027E79A /* ImageCacheHelper.swift */,
			);
			path = Helpers;
			sourceTree = "<group>";
		};
		AF654D9727A335260027E79A /* Extensions */ = {
			isa = PBXGroup;
			children = (
				AF654DA627A338930027E79A /* Encodable+.swift */,
				AF654DC327A34D9B0027E79A /* UITableViewCell+.swift */,
				AF654DD827A363AF0027E79A /* UIImageView+.swift */,
				AF654E0127A3B3000027E79A /* Date+.swift */,
			);
			path = Extensions;
			sourceTree = "<group>";
		};
		AF654D9827A3352E0027E79A /* Network */ = {
			isa = PBXGroup;
			children = (
				AF654D9D27A335F10027E79A /* HTTP */,
				AF654D9927A335D80027E79A /* UserEndpoints.swift */,
				AF654D9B27A335EB0027E79A /* URLSessionLoader.swift */,
				AF654D9E27A336010027E79A /* NetworkClient.swift */,
			);
			path = Network;
			sourceTree = "<group>";
		};
		AF654D9D27A335F10027E79A /* HTTP */ = {
			isa = PBXGroup;
			children = (
				AF654DA027A336240027E79A /* HTTPTask.swift */,
				AF654DA227A336320027E79A /* HTTPLoader.swift */,
				AF654DA427A3363D0027E79A /* HTTP.swift */,
			);
			path = HTTP;
			sourceTree = "<group>";
		};
		AF654DAA27A33A3F0027E79A /* Detail */ = {
			isa = PBXGroup;
			children = (
				AF654DC927A358D40027E79A /* View */,
				AF654DC827A358CF0027E79A /* Interactor */,
				AF654DC727A358C90027E79A /* Presenter */,
				AF654DC627A358C40027E79A /* Entities */,
				AF654DC527A358BE0027E79A /* Router */,
			);
			path = Detail;
			sourceTree = "<group>";
		};
		AF654DAB27A33A5C0027E79A /* Home */ = {
			isa = PBXGroup;
			children = (
				AF654DB027A33A970027E79A /* View */,
				AF654DAF27A33A8D0027E79A /* Interactor */,
				AF654DAE27A33A840027E79A /* Presenter */,
				AF654DAD27A33A7C0027E79A /* Entities */,
				AF654DAC27A33A700027E79A /* Router */,
			);
			path = Home;
			sourceTree = "<group>";
		};
		AF654DAC27A33A700027E79A /* Router */ = {
			isa = PBXGroup;
			children = (
				AF654DB927A33B2C0027E79A /* HomeRouter.swift */,
			);
			name = Router;
			sourceTree = "<group>";
		};
		AF654DAD27A33A7C0027E79A /* Entities */ = {
			isa = PBXGroup;
			children = (
				AF654DBB27A33E640027E79A /* QuestionsResponse.swift */,
				AF654DBD27A33E6D0027E79A /* Question.swift */,
				AF654DE027A36DFF0027E79A /* QuestionsCellEntities.swift */,
			);
			name = Entities;
			sourceTree = "<group>";
		};
		AF654DAE27A33A840027E79A /* Presenter */ = {
			isa = PBXGroup;
			children = (
				AF654DB727A33B200027E79A /* HomePresenter.swift */,
			);
			name = Presenter;
			sourceTree = "<group>";
		};
		AF654DAF27A33A8D0027E79A /* Interactor */ = {
			isa = PBXGroup;
			children = (
				AF654DB527A33B110027E79A /* HomeInteractor.swift */,
			);
			name = Interactor;
			sourceTree = "<group>";
		};
		AF654DB027A33A970027E79A /* View */ = {
			isa = PBXGroup;
			children = (
				AF654DB127A33AB50027E79A /* HomeStoryboard.storyboard */,
				AF654DB327A33AC50027E79A /* HomeViewController.swift */,
				AF654DBF27A34D790027E79A /* QuestionTableViewCell.swift */,
				AF654DC027A34D790027E79A /* QuestionTableViewCell.xib */,
				AF654DDC27A36D510027E79A /* LoaderTableViewCell.swift */,
				AF654DDD27A36D510027E79A /* LoaderTableViewCell.xib */,
			);
			name = View;
			sourceTree = "<group>";
		};
		AF654DC527A358BE0027E79A /* Router */ = {
			isa = PBXGroup;
			children = (
				AF654DD227A3592E0027E79A /* DetailRouter.swift */,
			);
			name = Router;
			sourceTree = "<group>";
		};
		AF654DC627A358C40027E79A /* Entities */ = {
			isa = PBXGroup;
			children = (
				AF654DDA27A365C70027E79A /* DetailEntities.swift */,
			);
			name = Entities;
			sourceTree = "<group>";
		};
		AF654DC727A358C90027E79A /* Presenter */ = {
			isa = PBXGroup;
			children = (
				AF654DD027A359230027E79A /* DetailPresenter.swift */,
			);
			name = Presenter;
			sourceTree = "<group>";
		};
		AF654DC827A358CF0027E79A /* Interactor */ = {
			isa = PBXGroup;
			children = (
				AF654DCE27A359180027E79A /* DetailInteractor.swift */,
			);
			name = Interactor;
			sourceTree = "<group>";
		};
		AF654DC927A358D40027E79A /* View */ = {
			isa = PBXGroup;
			children = (
				AF654DCA27A358F60027E79A /* DetailStoryboard.storyboard */,
				AF654DCC27A3590A0027E79A /* DetailViewController.swift */,
				AF654DD427A3614A0027E79A /* UserTableViewCell.swift */,
				AF654DD527A3614A0027E79A /* UserTableViewCell.xib */,
			);
			name = View;
			sourceTree = "<group>";
		};
		AF654DE227A39C6B0027E79A /* Modules */ = {
			isa = PBXGroup;
			children = (
				AF654DE527A39C890027E79A /* Home */,
				AF654DE427A39C840027E79A /* Detail */,
			);
			path = Modules;
			sourceTree = "<group>";
		};
		AF654DE327A39C750027E79A /* Network */ = {
			isa = PBXGroup;
			children = (
				AF654DEA27A39CF10027E79A /* Resources */,
				AF654DE927A39CEB0027E79A /* Mocks */,
				AF654DE827A39CE40027E79A /* Tests */,
				AF654DE627A39CA70027E79A /* JSONDataLoader.swift */,
			);
			path = Network;
			sourceTree = "<group>";
		};
		AF654DE427A39C840027E79A /* Detail */ = {
			isa = PBXGroup;
			children = (
			);
			path = Detail;
			sourceTree = "<group>";
		};
		AF654DE527A39C890027E79A /* Home */ = {
			isa = PBXGroup;
			children = (
				AF654DF027A39E6D0027E79A /* Tests */,
				AF654DEF27A39E660027E79A /* Mocks */,
			);
			path = Home;
			sourceTree = "<group>";
		};
		AF654DE827A39CE40027E79A /* Tests */ = {
			isa = PBXGroup;
			children = (
				AF654DED27A39D7F0027E79A /* EndPointsTests.swift */,
			);
			path = Tests;
			sourceTree = "<group>";
		};
		AF654DE927A39CEB0027E79A /* Mocks */ = {
			isa = PBXGroup;
			children = (
				AF654DEB27A39D0C0027E79A /* NetworkClientMock.swift */,
			);
			path = Mocks;
			sourceTree = "<group>";
		};
		AF654DEA27A39CF10027E79A /* Resources */ = {
			isa = PBXGroup;
			children = (
				AF654DFB27A3A2390027E79A /* SearchQuestionsResponse.json */,
				AF654DFD27A3A5900027E79A /* EmptyJSON.json */,
			);
			path = Resources;
			sourceTree = "<group>";
		};
		AF654DEF27A39E660027E79A /* Mocks */ = {
			isa = PBXGroup;
			children = (
				AF654DF127A39E850027E79A /* HomeViewMock.swift */,
				AF654DF327A39E940027E79A /* HomePresenterMock.swift */,
				AF654DF527A39EA10027E79A /* HomeInteractorMock.swift */,
				AF654DF727A39EB10027E79A /* HomeRouterMock.swift */,
			);
			path = Mocks;
			sourceTree = "<group>";
		};
		AF654DF027A39E6D0027E79A /* Tests */ = {
			isa = PBXGroup;
			children = (
				AF654DF927A3A0C20027E79A /* HomeInteractorTests.swift */,
				AF654DFF27A3A5DD0027E79A /* HomePresenterTests.swift */,
			);
			path = Tests;
			sourceTree = "<group>";
		};
/* End PBXGroup section */

/* Begin PBXNativeTarget section */
		AF654D6127A333E90027E79A /* ChallengeOracle */ = {
			isa = PBXNativeTarget;
			buildConfigurationList = AF654D8C27A333EC0027E79A /* Build configuration list for PBXNativeTarget "ChallengeOracle" */;
			buildPhases = (
				AF654D5E27A333E90027E79A /* Sources */,
				AF654D5F27A333E90027E79A /* Frameworks */,
				AF654D6027A333E90027E79A /* Resources */,
			);
			buildRules = (
			);
			dependencies = (
			);
			name = ChallengeOracle;
			productName = ChallengeOracle;
			productReference = AF654D6227A333E90027E79A /* ChallengeOracle.app */;
			productType = "com.apple.product-type.application";
		};
		AF654D7727A333EC0027E79A /* ChallengeOracleTests */ = {
			isa = PBXNativeTarget;
			buildConfigurationList = AF654D8F27A333EC0027E79A /* Build configuration list for PBXNativeTarget "ChallengeOracleTests" */;
			buildPhases = (
				AF654D7427A333EC0027E79A /* Sources */,
				AF654D7527A333EC0027E79A /* Frameworks */,
				AF654D7627A333EC0027E79A /* Resources */,
			);
			buildRules = (
			);
			dependencies = (
				AF654D7A27A333EC0027E79A /* PBXTargetDependency */,
			);
			name = ChallengeOracleTests;
			productName = ChallengeOracleTests;
			productReference = AF654D7827A333EC0027E79A /* ChallengeOracleTests.xctest */;
			productType = "com.apple.product-type.bundle.unit-test";
		};
		AF654D8227A333EC0027E79A /* ChallengeOracleUITests */ = {
			isa = PBXNativeTarget;
			buildConfigurationList = AF654D9227A333EC0027E79A /* Build configuration list for PBXNativeTarget "ChallengeOracleUITests" */;
			buildPhases = (
				AF654D7F27A333EC0027E79A /* Sources */,
				AF654D8027A333EC0027E79A /* Frameworks */,
				AF654D8127A333EC0027E79A /* Resources */,
			);
			buildRules = (
			);
			dependencies = (
				AF654D8527A333EC0027E79A /* PBXTargetDependency */,
			);
			name = ChallengeOracleUITests;
			productName = ChallengeOracleUITests;
			productReference = AF654D8327A333EC0027E79A /* ChallengeOracleUITests.xctest */;
			productType = "com.apple.product-type.bundle.ui-testing";
		};
/* End PBXNativeTarget section */

/* Begin PBXProject section */
		AF654D5A27A333E90027E79A /* Project object */ = {
			isa = PBXProject;
			attributes = {
				LastSwiftUpdateCheck = 1250;
				LastUpgradeCheck = 1250;
				TargetAttributes = {
					AF654D6127A333E90027E79A = {
						CreatedOnToolsVersion = 12.5.1;
					};
					AF654D7727A333EC0027E79A = {
						CreatedOnToolsVersion = 12.5.1;
						TestTargetID = AF654D6127A333E90027E79A;
					};
					AF654D8227A333EC0027E79A = {
						CreatedOnToolsVersion = 12.5.1;
						TestTargetID = AF654D6127A333E90027E79A;
					};
				};
			};
			buildConfigurationList = AF654D5D27A333E90027E79A /* Build configuration list for PBXProject "ChallengeOracle" */;
			compatibilityVersion = "Xcode 9.3";
			developmentRegion = en;
			hasScannedForEncodings = 0;
			knownRegions = (
				en,
				Base,
			);
			mainGroup = AF654D5927A333E90027E79A;
			productRefGroup = AF654D6327A333E90027E79A /* Products */;
			projectDirPath = "";
			projectRoot = "";
			targets = (
				AF654D6127A333E90027E79A /* ChallengeOracle */,
				AF654D7727A333EC0027E79A /* ChallengeOracleTests */,
				AF654D8227A333EC0027E79A /* ChallengeOracleUITests */,
			);
		};
/* End PBXProject section */

/* Begin PBXResourcesBuildPhase section */
		AF654D6027A333E90027E79A /* Resources */ = {
			isa = PBXResourcesBuildPhase;
			buildActionMask = 2147483647;
			files = (
				AF654D7227A333EC0027E79A /* LaunchScreen.storyboard in Resources */,
				AF654DC227A34D7A0027E79A /* QuestionTableViewCell.xib in Resources */,
				AF654DDF27A36D510027E79A /* LoaderTableViewCell.xib in Resources */,
				AF654D6F27A333EC0027E79A /* Assets.xcassets in Resources */,
				AF654DCB27A358F60027E79A /* DetailStoryboard.storyboard in Resources */,
				AF654DD727A3614A0027E79A /* UserTableViewCell.xib in Resources */,
				AF654DB227A33AB50027E79A /* HomeStoryboard.storyboard in Resources */,
			);
			runOnlyForDeploymentPostprocessing = 0;
		};
		AF654D7627A333EC0027E79A /* Resources */ = {
			isa = PBXResourcesBuildPhase;
			buildActionMask = 2147483647;
			files = (
				AF654DFC27A3A2390027E79A /* SearchQuestionsResponse.json in Resources */,
				AF654DFE27A3A5900027E79A /* EmptyJSON.json in Resources */,
			);
			runOnlyForDeploymentPostprocessing = 0;
		};
		AF654D8127A333EC0027E79A /* Resources */ = {
			isa = PBXResourcesBuildPhase;
			buildActionMask = 2147483647;
			files = (
			);
			runOnlyForDeploymentPostprocessing = 0;
		};
/* End PBXResourcesBuildPhase section */

/* Begin PBXSourcesBuildPhase section */
		AF654D5E27A333E90027E79A /* Sources */ = {
			isa = PBXSourcesBuildPhase;
			buildActionMask = 2147483647;
			files = (
				AF654DA527A3363D0027E79A /* HTTP.swift in Sources */,
				AF654DD627A3614A0027E79A /* UserTableViewCell.swift in Sources */,
				AF654DD327A3592E0027E79A /* DetailRouter.swift in Sources */,
				AF654DBE27A33E6D0027E79A /* Question.swift in Sources */,
				AF654DA127A336240027E79A /* HTTPTask.swift in Sources */,
				AF654D9C27A335EB0027E79A /* URLSessionLoader.swift in Sources */,
				AF654DB627A33B110027E79A /* HomeInteractor.swift in Sources */,
				AF654E0227A3B3000027E79A /* Date+.swift in Sources */,
				AF654DE127A36DFF0027E79A /* QuestionsCellEntities.swift in Sources */,
				AF654DD127A359230027E79A /* DetailPresenter.swift in Sources */,
				AF654DA327A336320027E79A /* HTTPLoader.swift in Sources */,
				AF654D9A27A335D80027E79A /* UserEndpoints.swift in Sources */,
				AF654D6627A333E90027E79A /* AppDelegate.swift in Sources */,
				AF654DA727A338930027E79A /* Encodable+.swift in Sources */,
				AF654DDE27A36D510027E79A /* LoaderTableViewCell.swift in Sources */,
				AF654DD927A363AF0027E79A /* UIImageView+.swift in Sources */,
				AF654DC427A34D9B0027E79A /* UITableViewCell+.swift in Sources */,
				AF654DDB27A365C70027E79A /* DetailEntities.swift in Sources */,
				AF654DCD27A3590A0027E79A /* DetailViewController.swift in Sources */,
				AF654DCF27A359180027E79A /* DetailInteractor.swift in Sources */,
				AF654DC127A34D790027E79A /* QuestionTableViewCell.swift in Sources */,
				AF654DB427A33AC50027E79A /* HomeViewController.swift in Sources */,
				AF654DBA27A33B2C0027E79A /* HomeRouter.swift in Sources */,
				AF654DB827A33B200027E79A /* HomePresenter.swift in Sources */,
				AF654D6827A333E90027E79A /* SceneDelegate.swift in Sources */,
				AF654D9F27A336010027E79A /* NetworkClient.swift in Sources */,
				AF654DA927A338D40027E79A /* ImageCacheHelper.swift in Sources */,
				AF654DBC27A33E640027E79A /* QuestionsResponse.swift in Sources */,
			);
			runOnlyForDeploymentPostprocessing = 0;
		};
		AF654D7427A333EC0027E79A /* Sources */ = {
			isa = PBXSourcesBuildPhase;
			buildActionMask = 2147483647;
			files = (
				AF654DF227A39E850027E79A /* HomeViewMock.swift in Sources */,
				AF654DF627A39EA10027E79A /* HomeInteractorMock.swift in Sources */,
				AF654DEC27A39D0C0027E79A /* NetworkClientMock.swift in Sources */,
				AF654E0027A3A5DD0027E79A /* HomePresenterTests.swift in Sources */,
				AF654DFA27A3A0C20027E79A /* HomeInteractorTests.swift in Sources */,
				AF654DF827A39EB10027E79A /* HomeRouterMock.swift in Sources */,
				AF654DE727A39CA70027E79A /* JSONDataLoader.swift in Sources */,
				AF654DF427A39E940027E79A /* HomePresenterMock.swift in Sources */,
				AF654DEE27A39D7F0027E79A /* EndPointsTests.swift in Sources */,
				AF654D7D27A333EC0027E79A /* ChallengeOracleTests.swift in Sources */,
			);
			runOnlyForDeploymentPostprocessing = 0;
		};
		AF654D7F27A333EC0027E79A /* Sources */ = {
			isa = PBXSourcesBuildPhase;
			buildActionMask = 2147483647;
			files = (
				AF654D8827A333EC0027E79A /* ChallengeOracleUITests.swift in Sources */,
			);
			runOnlyForDeploymentPostprocessing = 0;
		};
/* End PBXSourcesBuildPhase section */

/* Begin PBXTargetDependency section */
		AF654D7A27A333EC0027E79A /* PBXTargetDependency */ = {
			isa = PBXTargetDependency;
			target = AF654D6127A333E90027E79A /* ChallengeOracle */;
			targetProxy = AF654D7927A333EC0027E79A /* PBXContainerItemProxy */;
		};
		AF654D8527A333EC0027E79A /* PBXTargetDependency */ = {
			isa = PBXTargetDependency;
			target = AF654D6127A333E90027E79A /* ChallengeOracle */;
			targetProxy = AF654D8427A333EC0027E79A /* PBXContainerItemProxy */;
		};
/* End PBXTargetDependency section */

/* Begin PBXVariantGroup section */
		AF654D7027A333EC0027E79A /* LaunchScreen.storyboard */ = {
			isa = PBXVariantGroup;
			children = (
				AF654D7127A333EC0027E79A /* Base */,
			);
			name = LaunchScreen.storyboard;
			sourceTree = "<group>";
		};
/* End PBXVariantGroup section */

/* Begin XCBuildConfiguration section */
		AF654D8A27A333EC0027E79A /* Debug */ = {
			isa = XCBuildConfiguration;
			buildSettings = {
				ALWAYS_SEARCH_USER_PATHS = NO;
				CLANG_ANALYZER_NONNULL = YES;
				CLANG_ANALYZER_NUMBER_OBJECT_CONVERSION = YES_AGGRESSIVE;
				CLANG_CXX_LANGUAGE_STANDARD = "gnu++14";
				CLANG_CXX_LIBRARY = "libc++";
				CLANG_ENABLE_MODULES = YES;
				CLANG_ENABLE_OBJC_ARC = YES;
				CLANG_ENABLE_OBJC_WEAK = YES;
				CLANG_WARN_BLOCK_CAPTURE_AUTORELEASING = YES;
				CLANG_WARN_BOOL_CONVERSION = YES;
				CLANG_WARN_COMMA = YES;
				CLANG_WARN_CONSTANT_CONVERSION = YES;
				CLANG_WARN_DEPRECATED_OBJC_IMPLEMENTATIONS = YES;
				CLANG_WARN_DIRECT_OBJC_ISA_USAGE = YES_ERROR;
				CLANG_WARN_DOCUMENTATION_COMMENTS = YES;
				CLANG_WARN_EMPTY_BODY = YES;
				CLANG_WARN_ENUM_CONVERSION = YES;
				CLANG_WARN_INFINITE_RECURSION = YES;
				CLANG_WARN_INT_CONVERSION = YES;
				CLANG_WARN_NON_LITERAL_NULL_CONVERSION = YES;
				CLANG_WARN_OBJC_IMPLICIT_RETAIN_SELF = YES;
				CLANG_WARN_OBJC_LITERAL_CONVERSION = YES;
				CLANG_WARN_OBJC_ROOT_CLASS = YES_ERROR;
				CLANG_WARN_QUOTED_INCLUDE_IN_FRAMEWORK_HEADER = YES;
				CLANG_WARN_RANGE_LOOP_ANALYSIS = YES;
				CLANG_WARN_STRICT_PROTOTYPES = YES;
				CLANG_WARN_SUSPICIOUS_MOVE = YES;
				CLANG_WARN_UNGUARDED_AVAILABILITY = YES_AGGRESSIVE;
				CLANG_WARN_UNREACHABLE_CODE = YES;
				CLANG_WARN__DUPLICATE_METHOD_MATCH = YES;
				COPY_PHASE_STRIP = NO;
				DEBUG_INFORMATION_FORMAT = dwarf;
				ENABLE_STRICT_OBJC_MSGSEND = YES;
				ENABLE_TESTABILITY = YES;
				GCC_C_LANGUAGE_STANDARD = gnu11;
				GCC_DYNAMIC_NO_PIC = NO;
				GCC_NO_COMMON_BLOCKS = YES;
				GCC_OPTIMIZATION_LEVEL = 0;
				GCC_PREPROCESSOR_DEFINITIONS = (
					"DEBUG=1",
					"$(inherited)",
				);
				GCC_WARN_64_TO_32_BIT_CONVERSION = YES;
				GCC_WARN_ABOUT_RETURN_TYPE = YES_ERROR;
				GCC_WARN_UNDECLARED_SELECTOR = YES;
				GCC_WARN_UNINITIALIZED_AUTOS = YES_AGGRESSIVE;
				GCC_WARN_UNUSED_FUNCTION = YES;
				GCC_WARN_UNUSED_VARIABLE = YES;
				IPHONEOS_DEPLOYMENT_TARGET = 14.5;
				MTL_ENABLE_DEBUG_INFO = INCLUDE_SOURCE;
				MTL_FAST_MATH = YES;
				ONLY_ACTIVE_ARCH = YES;
				SDKROOT = iphoneos;
				SWIFT_ACTIVE_COMPILATION_CONDITIONS = DEBUG;
				SWIFT_OPTIMIZATION_LEVEL = "-Onone";
			};
			name = Debug;
		};
		AF654D8B27A333EC0027E79A /* Release */ = {
			isa = XCBuildConfiguration;
			buildSettings = {
				ALWAYS_SEARCH_USER_PATHS = NO;
				CLANG_ANALYZER_NONNULL = YES;
				CLANG_ANALYZER_NUMBER_OBJECT_CONVERSION = YES_AGGRESSIVE;
				CLANG_CXX_LANGUAGE_STANDARD = "gnu++14";
				CLANG_CXX_LIBRARY = "libc++";
				CLANG_ENABLE_MODULES = YES;
				CLANG_ENABLE_OBJC_ARC = YES;
				CLANG_ENABLE_OBJC_WEAK = YES;
				CLANG_WARN_BLOCK_CAPTURE_AUTORELEASING = YES;
				CLANG_WARN_BOOL_CONVERSION = YES;
				CLANG_WARN_COMMA = YES;
				CLANG_WARN_CONSTANT_CONVERSION = YES;
				CLANG_WARN_DEPRECATED_OBJC_IMPLEMENTATIONS = YES;
				CLANG_WARN_DIRECT_OBJC_ISA_USAGE = YES_ERROR;
				CLANG_WARN_DOCUMENTATION_COMMENTS = YES;
				CLANG_WARN_EMPTY_BODY = YES;
				CLANG_WARN_ENUM_CONVERSION = YES;
				CLANG_WARN_INFINITE_RECURSION = YES;
				CLANG_WARN_INT_CONVERSION = YES;
				CLANG_WARN_NON_LITERAL_NULL_CONVERSION = YES;
				CLANG_WARN_OBJC_IMPLICIT_RETAIN_SELF = YES;
				CLANG_WARN_OBJC_LITERAL_CONVERSION = YES;
				CLANG_WARN_OBJC_ROOT_CLASS = YES_ERROR;
				CLANG_WARN_QUOTED_INCLUDE_IN_FRAMEWORK_HEADER = YES;
				CLANG_WARN_RANGE_LOOP_ANALYSIS = YES;
				CLANG_WARN_STRICT_PROTOTYPES = YES;
				CLANG_WARN_SUSPICIOUS_MOVE = YES;
				CLANG_WARN_UNGUARDED_AVAILABILITY = YES_AGGRESSIVE;
				CLANG_WARN_UNREACHABLE_CODE = YES;
				CLANG_WARN__DUPLICATE_METHOD_MATCH = YES;
				COPY_PHASE_STRIP = NO;
				DEBUG_INFORMATION_FORMAT = "dwarf-with-dsym";
				ENABLE_NS_ASSERTIONS = NO;
				ENABLE_STRICT_OBJC_MSGSEND = YES;
				GCC_C_LANGUAGE_STANDARD = gnu11;
				GCC_NO_COMMON_BLOCKS = YES;
				GCC_WARN_64_TO_32_BIT_CONVERSION = YES;
				GCC_WARN_ABOUT_RETURN_TYPE = YES_ERROR;
				GCC_WARN_UNDECLARED_SELECTOR = YES;
				GCC_WARN_UNINITIALIZED_AUTOS = YES_AGGRESSIVE;
				GCC_WARN_UNUSED_FUNCTION = YES;
				GCC_WARN_UNUSED_VARIABLE = YES;
				IPHONEOS_DEPLOYMENT_TARGET = 14.5;
				MTL_ENABLE_DEBUG_INFO = NO;
				MTL_FAST_MATH = YES;
				SDKROOT = iphoneos;
				SWIFT_COMPILATION_MODE = wholemodule;
				SWIFT_OPTIMIZATION_LEVEL = "-O";
				VALIDATE_PRODUCT = YES;
			};
			name = Release;
		};
		AF654D8D27A333EC0027E79A /* Debug */ = {
			isa = XCBuildConfiguration;
			buildSettings = {
				ASSETCATALOG_COMPILER_APPICON_NAME = AppIcon;
				ASSETCATALOG_COMPILER_GLOBAL_ACCENT_COLOR_NAME = AccentColor;
				CODE_SIGN_STYLE = Automatic;
				DEVELOPMENT_TEAM = LA858T59PP;
				INFOPLIST_FILE = ChallengeOracle/Info.plist;
				LD_RUNPATH_SEARCH_PATHS = (
					"$(inherited)",
					"@executable_path/Frameworks",
				);
				PRODUCT_BUNDLE_IDENTIFIER = com.antonioarellano.ChallengeOracle;
				PRODUCT_NAME = "$(TARGET_NAME)";
				SWIFT_VERSION = 5.0;
				TARGETED_DEVICE_FAMILY = "1,2";
			};
			name = Debug;
		};
		AF654D8E27A333EC0027E79A /* Release */ = {
			isa = XCBuildConfiguration;
			buildSettings = {
				ASSETCATALOG_COMPILER_APPICON_NAME = AppIcon;
				ASSETCATALOG_COMPILER_GLOBAL_ACCENT_COLOR_NAME = AccentColor;
				CODE_SIGN_STYLE = Automatic;
				DEVELOPMENT_TEAM = LA858T59PP;
				INFOPLIST_FILE = ChallengeOracle/Info.plist;
				LD_RUNPATH_SEARCH_PATHS = (
					"$(inherited)",
					"@executable_path/Frameworks",
				);
				PRODUCT_BUNDLE_IDENTIFIER = com.antonioarellano.ChallengeOracle;
				PRODUCT_NAME = "$(TARGET_NAME)";
				SWIFT_VERSION = 5.0;
				TARGETED_DEVICE_FAMILY = "1,2";
			};
			name = Release;
		};
		AF654D9027A333EC0027E79A /* Debug */ = {
			isa = XCBuildConfiguration;
			buildSettings = {
				ALWAYS_EMBED_SWIFT_STANDARD_LIBRARIES = YES;
				BUNDLE_LOADER = "$(TEST_HOST)";
				CODE_SIGN_STYLE = Automatic;
				DEVELOPMENT_TEAM = LA858T59PP;
				INFOPLIST_FILE = ChallengeOracleTests/Info.plist;
				IPHONEOS_DEPLOYMENT_TARGET = 14.5;
				LD_RUNPATH_SEARCH_PATHS = (
					"$(inherited)",
					"@executable_path/Frameworks",
					"@loader_path/Frameworks",
				);
				PRODUCT_BUNDLE_IDENTIFIER = com.antonioarellano.ChallengeOracleTests;
				PRODUCT_NAME = "$(TARGET_NAME)";
				SWIFT_VERSION = 5.0;
				TARGETED_DEVICE_FAMILY = "1,2";
				TEST_HOST = "$(BUILT_PRODUCTS_DIR)/ChallengeOracle.app/ChallengeOracle";
			};
			name = Debug;
		};
		AF654D9127A333EC0027E79A /* Release */ = {
			isa = XCBuildConfiguration;
			buildSettings = {
				ALWAYS_EMBED_SWIFT_STANDARD_LIBRARIES = YES;
				BUNDLE_LOADER = "$(TEST_HOST)";
				CODE_SIGN_STYLE = Automatic;
				DEVELOPMENT_TEAM = LA858T59PP;
				INFOPLIST_FILE = ChallengeOracleTests/Info.plist;
				IPHONEOS_DEPLOYMENT_TARGET = 14.5;
				LD_RUNPATH_SEARCH_PATHS = (
					"$(inherited)",
					"@executable_path/Frameworks",
					"@loader_path/Frameworks",
				);
				PRODUCT_BUNDLE_IDENTIFIER = com.antonioarellano.ChallengeOracleTests;
				PRODUCT_NAME = "$(TARGET_NAME)";
				SWIFT_VERSION = 5.0;
				TARGETED_DEVICE_FAMILY = "1,2";
				TEST_HOST = "$(BUILT_PRODUCTS_DIR)/ChallengeOracle.app/ChallengeOracle";
			};
			name = Release;
		};
		AF654D9327A333EC0027E79A /* Debug */ = {
			isa = XCBuildConfiguration;
			buildSettings = {
				ALWAYS_EMBED_SWIFT_STANDARD_LIBRARIES = YES;
				CODE_SIGN_STYLE = Automatic;
				DEVELOPMENT_TEAM = LA858T59PP;
				INFOPLIST_FILE = ChallengeOracleUITests/Info.plist;
				LD_RUNPATH_SEARCH_PATHS = (
					"$(inherited)",
					"@executable_path/Frameworks",
					"@loader_path/Frameworks",
				);
				PRODUCT_BUNDLE_IDENTIFIER = com.antonioarellano.ChallengeOracleUITests;
				PRODUCT_NAME = "$(TARGET_NAME)";
				SWIFT_VERSION = 5.0;
				TARGETED_DEVICE_FAMILY = "1,2";
				TEST_TARGET_NAME = ChallengeOracle;
			};
			name = Debug;
		};
		AF654D9427A333EC0027E79A /* Release */ = {
			isa = XCBuildConfiguration;
			buildSettings = {
				ALWAYS_EMBED_SWIFT_STANDARD_LIBRARIES = YES;
				CODE_SIGN_STYLE = Automatic;
				DEVELOPMENT_TEAM = LA858T59PP;
				INFOPLIST_FILE = ChallengeOracleUITests/Info.plist;
				LD_RUNPATH_SEARCH_PATHS = (
					"$(inherited)",
					"@executable_path/Frameworks",
					"@loader_path/Frameworks",
				);
				PRODUCT_BUNDLE_IDENTIFIER = com.antonioarellano.ChallengeOracleUITests;
				PRODUCT_NAME = "$(TARGET_NAME)";
				SWIFT_VERSION = 5.0;
				TARGETED_DEVICE_FAMILY = "1,2";
				TEST_TARGET_NAME = ChallengeOracle;
			};
			name = Release;
		};
/* End XCBuildConfiguration section */

/* Begin XCConfigurationList section */
		AF654D5D27A333E90027E79A /* Build configuration list for PBXProject "ChallengeOracle" */ = {
			isa = XCConfigurationList;
			buildConfigurations = (
				AF654D8A27A333EC0027E79A /* Debug */,
				AF654D8B27A333EC0027E79A /* Release */,
			);
			defaultConfigurationIsVisible = 0;
			defaultConfigurationName = Release;
		};
		AF654D8C27A333EC0027E79A /* Build configuration list for PBXNativeTarget "ChallengeOracle" */ = {
			isa = XCConfigurationList;
			buildConfigurations = (
				AF654D8D27A333EC0027E79A /* Debug */,
				AF654D8E27A333EC0027E79A /* Release */,
			);
			defaultConfigurationIsVisible = 0;
			defaultConfigurationName = Release;
		};
		AF654D8F27A333EC0027E79A /* Build configuration list for PBXNativeTarget "ChallengeOracleTests" */ = {
			isa = XCConfigurationList;
			buildConfigurations = (
				AF654D9027A333EC0027E79A /* Debug */,
				AF654D9127A333EC0027E79A /* Release */,
			);
			defaultConfigurationIsVisible = 0;
			defaultConfigurationName = Release;
		};
		AF654D9227A333EC0027E79A /* Build configuration list for PBXNativeTarget "ChallengeOracleUITests" */ = {
			isa = XCConfigurationList;
			buildConfigurations = (
				AF654D9327A333EC0027E79A /* Debug */,
				AF654D9427A333EC0027E79A /* Release */,
			);
			defaultConfigurationIsVisible = 0;
			defaultConfigurationName = Release;
		};
/* End XCConfigurationList section */
	};
	rootObject = AF654D5A27A333E90027E79A /* Project object */;
}
